
Microsoft Visual Studio Solution File, Format Version 12.00
# Visual Studio Version 16
VisualStudioVersion = 16.0.29503.13
MinimumVisualStudioVersion = 10.0.40219.1
Project("{FAE04EC0-301F-11D3-BF4B-00C04F79EFBC}") = "D'Hondt Voting", "D'Hondt Voting\D'Hondt Voting.csproj", "{851D8639-EDAF-4404-B304-BE7CB1B24D4D}"
EndProject
Global
	GlobalSection(SolutionConfigurationPlatforms) = preSolution
		Debug|Any CPU = Debug|Any CPU
		Release|Any CPU = Release|Any CPU
	EndGlobalSection
	GlobalSection(ProjectConfigurationPlatforms) = postSolution
		{851D8639-EDAF-4404-B304-BE7CB1B24D4D}.Debug|Any CPU.ActiveCfg = Debug|Any CPU
		{851D8639-EDAF-4404-B304-BE7CB1B24D4D}.Debug|Any CPU.Build.0 = Debug|Any CPU
		{851D8639-EDAF-4404-B304-BE7CB1B24D4D}.Release|Any CPU.ActiveCfg = Release|Any CPU
		{851D8639-EDAF-4404-B304-BE7CB1B24D4D}.Release|Any CPU.Build.0 = Release|Any CPU
	EndGlobalSection
	GlobalSection(SolutionProperties) = preSolution
		HideSolutionNode = FALSE
	EndGlobalSection
	GlobalSection(ExtensibilityGlobals) = postSolution
		SolutionGuid = {7ED31883-46DC-4359-9EFE-B23A4D072401}
	EndGlobalSection
EndGlobal
